
Microsoft Visual Studio Solution File, Format Version 12.00
# Visual Studio Version 17
VisualStudioVersion = 17.7.34031.279
MinimumVisualStudioVersion = 10.0.40219.1
Project("{FAE04EC0-301F-11D3-BF4B-00C04F79EFBC}") = "btlWebNC", "btlWebNC.csproj", "{C02B7EE6-8DDF-4ED2-A280-C41F2D4F2BC1}"
EndProject
Global
	GlobalSection(SolutionConfigurationPlatforms) = preSolution
		Debug|Any CPU = Debug|Any CPU
		Release|Any CPU = Release|Any CPU
	EndGlobalSection
	GlobalSection(ProjectConfigurationPlatforms) = postSolution
		{C02B7EE6-8DDF-4ED2-A280-C41F2D4F2BC1}.Debug|Any CPU.ActiveCfg = Debug|Any CPU
		{C02B7EE6-8DDF-4ED2-A280-C41F2D4F2BC1}.Debug|Any CPU.Build.0 = Debug|Any CPU
		{C02B7EE6-8DDF-4ED2-A280-C41F2D4F2BC1}.Release|Any CPU.ActiveCfg = Release|Any CPU
		{C02B7EE6-8DDF-4ED2-A280-C41F2D4F2BC1}.Release|Any CPU.Build.0 = Release|Any CPU
	EndGlobalSection
	GlobalSection(SolutionProperties) = preSolution
		HideSolutionNode = FALSE
	EndGlobalSection
	GlobalSection(ExtensibilityGlobals) = postSolution
		SolutionGuid = {4A00F6CE-7AA0-4190-89E5-812A161C11F9}
	EndGlobalSection
EndGlobal
